
Microsoft Visual Studio Solution File, Format Version 12.00
# Visual Studio Version 16
VisualStudioVersion = 16.0.30804.86
MinimumVisualStudioVersion = 10.0.40219.1
Project("{9A19103F-16F7-4668-BE54-9A1E7A4F7556}") = "ChaosHelper", "ChaosHelper\ChaosHelper.csproj", "{C13296D0-564B-44DB-88EB-9814A05BBE83}"
EndProject
Project("{9A19103F-16F7-4668-BE54-9A1E7A4F7556}") = "Overlay.NET", "Overlay.NET\Overlay.NET.csproj", "{2D411EA5-BC00-4630-B25E-43C554323E72}"
EndProject
Project("{9A19103F-16F7-4668-BE54-9A1E7A4F7556}") = "Process.NET", "Process.NET\Process.NET.csproj", "{8B8E5E8A-15B9-4C56-A049-32CE893DD48C}"
EndProject
Global
	GlobalSection(SolutionConfigurationPlatforms) = preSolution
		Debug|Any CPU = Debug|Any CPU
		Release|Any CPU = Release|Any CPU
	EndGlobalSection
	GlobalSection(ProjectConfigurationPlatforms) = postSolution
		{C13296D0-564B-44DB-88EB-9814A05BBE83}.Debug|Any CPU.ActiveCfg = Debug|Any CPU
		{C13296D0-564B-44DB-88EB-9814A05BBE83}.Debug|Any CPU.Build.0 = Debug|Any CPU
		{C13296D0-564B-44DB-88EB-9814A05BBE83}.Release|Any CPU.ActiveCfg = Release|Any CPU
		{C13296D0-564B-44DB-88EB-9814A05BBE83}.Release|Any CPU.Build.0 = Release|Any CPU
		{2D411EA5-BC00-4630-B25E-43C554323E72}.Debug|Any CPU.ActiveCfg = Debug|Any CPU
		{2D411EA5-BC00-4630-B25E-43C554323E72}.Debug|Any CPU.Build.0 = Debug|Any CPU
		{2D411EA5-BC00-4630-B25E-43C554323E72}.Release|Any CPU.ActiveCfg = Release|Any CPU
		{2D411EA5-BC00-4630-B25E-43C554323E72}.Release|Any CPU.Build.0 = Release|Any CPU
		{8B8E5E8A-15B9-4C56-A049-32CE893DD48C}.Debug|Any CPU.ActiveCfg = Debug|Any CPU
		{8B8E5E8A-15B9-4C56-A049-32CE893DD48C}.Debug|Any CPU.Build.0 = Debug|Any CPU
		{8B8E5E8A-15B9-4C56-A049-32CE893DD48C}.Release|Any CPU.ActiveCfg = Release|Any CPU
		{8B8E5E8A-15B9-4C56-A049-32CE893DD48C}.Release|Any CPU.Build.0 = Release|Any CPU
	EndGlobalSection
	GlobalSection(SolutionProperties) = preSolution
		HideSolutionNode = FALSE
	EndGlobalSection
	GlobalSection(ExtensibilityGlobals) = postSolution
		SolutionGuid = {FD634209-5F3D-4FC9-BD8D-EB6BB75941E5}
	EndGlobalSection
EndGlobal
